
Microsoft Visual Studio Solution File, Format Version 12.00
# Visual Studio Version 17
VisualStudioVersion = 17.0.31919.166
MinimumVisualStudioVersion = 10.0.40219.1
Project("{FAE04EC0-301F-11D3-BF4B-00C04F79EFBC}") = "cd.Excel.Framework", "cd.Excel.Framework\cd.Excel.Framework.csproj", "{93F9E50B-1484-42DE-8AFF-8B795726A544}"
EndProject
Global
	GlobalSection(SolutionConfigurationPlatforms) = preSolution
		Debug|Any CPU = Debug|Any CPU
		Release|Any CPU = Release|Any CPU
	EndGlobalSection
	GlobalSection(ProjectConfigurationPlatforms) = postSolution
		{93F9E50B-1484-42DE-8AFF-8B795726A544}.Debug|Any CPU.ActiveCfg = Debug|Any CPU
		{93F9E50B-1484-42DE-8AFF-8B795726A544}.Debug|Any CPU.Build.0 = Debug|Any CPU
		{93F9E50B-1484-42DE-8AFF-8B795726A544}.Release|Any CPU.ActiveCfg = Release|Any CPU
		{93F9E50B-1484-42DE-8AFF-8B795726A544}.Release|Any CPU.Build.0 = Release|Any CPU
	EndGlobalSection
	GlobalSection(SolutionProperties) = preSolution
		HideSolutionNode = FALSE
	EndGlobalSection
	GlobalSection(ExtensibilityGlobals) = postSolution
		SolutionGuid = {E20D98A9-0A56-466E-833F-E125E38017DC}
	EndGlobalSection
EndGlobal
